
Microsoft Visual Studio Solution File, Format Version 12.00
# Visual Studio Version 16
VisualStudioVersion = 16.0.31624.102
MinimumVisualStudioVersion = 10.0.40219.1
Project("{FAE04EC0-301F-11D3-BF4B-00C04F79EFBC}") = "11A__MT", "11A__MT\11A__MT.csproj", "{F629F05F-E4FE-4A55-898F-3C2501AAFE7A}"
EndProject
Global
	GlobalSection(SolutionConfigurationPlatforms) = preSolution
		Debug|Any CPU = Debug|Any CPU
		Release|Any CPU = Release|Any CPU
	EndGlobalSection
	GlobalSection(ProjectConfigurationPlatforms) = postSolution
		{F629F05F-E4FE-4A55-898F-3C2501AAFE7A}.Debug|Any CPU.ActiveCfg = Debug|Any CPU
		{F629F05F-E4FE-4A55-898F-3C2501AAFE7A}.Debug|Any CPU.Build.0 = Debug|Any CPU
		{F629F05F-E4FE-4A55-898F-3C2501AAFE7A}.Release|Any CPU.ActiveCfg = Release|Any CPU
		{F629F05F-E4FE-4A55-898F-3C2501AAFE7A}.Release|Any CPU.Build.0 = Release|Any CPU
	EndGlobalSection
	GlobalSection(SolutionProperties) = preSolution
		HideSolutionNode = FALSE
	EndGlobalSection
	GlobalSection(ExtensibilityGlobals) = postSolution
		SolutionGuid = {FE17FA59-9470-4F13-9729-69BD389AA9A8}
	EndGlobalSection
EndGlobal
